
Microsoft Visual Studio Solution File, Format Version 12.00
# Visual Studio Version 17
VisualStudioVersion = 17.12.35506.116
MinimumVisualStudioVersion = 10.0.40219.1
Project("{FAE04EC0-301F-11D3-BF4B-00C04F79EFBC}") = "DataListView", "WindowsFormsAppDataListView\DataListView.csproj", "{6E098741-8B91-402F-BD67-C52F860F6A18}"
EndProject
Project("{FAE04EC0-301F-11D3-BF4B-00C04F79EFBC}") = "DataTransmission", "DataTransmission\DataTransmission.csproj", "{CFE405A0-E4DA-4971-B4A9-7DCCF960FD9E}"
EndProject
Project("{FAE04EC0-301F-11D3-BF4B-00C04F79EFBC}") = "BTTL", "BTTL\BTTL.csproj", "{289EA245-E47E-4715-9688-849B391AF27E}"
EndProject
Global
	GlobalSection(SolutionConfigurationPlatforms) = preSolution
		Debug|Any CPU = Debug|Any CPU
		Release|Any CPU = Release|Any CPU
	EndGlobalSection
	GlobalSection(ProjectConfigurationPlatforms) = postSolution
		{6E098741-8B91-402F-BD67-C52F860F6A18}.Debug|Any CPU.ActiveCfg = Debug|Any CPU
		{6E098741-8B91-402F-BD67-C52F860F6A18}.Debug|Any CPU.Build.0 = Debug|Any CPU
		{6E098741-8B91-402F-BD67-C52F860F6A18}.Release|Any CPU.ActiveCfg = Release|Any CPU
		{6E098741-8B91-402F-BD67-C52F860F6A18}.Release|Any CPU.Build.0 = Release|Any CPU
		{CFE405A0-E4DA-4971-B4A9-7DCCF960FD9E}.Debug|Any CPU.ActiveCfg = Debug|Any CPU
		{CFE405A0-E4DA-4971-B4A9-7DCCF960FD9E}.Debug|Any CPU.Build.0 = Debug|Any CPU
		{CFE405A0-E4DA-4971-B4A9-7DCCF960FD9E}.Release|Any CPU.ActiveCfg = Release|Any CPU
		{CFE405A0-E4DA-4971-B4A9-7DCCF960FD9E}.Release|Any CPU.Build.0 = Release|Any CPU
		{289EA245-E47E-4715-9688-849B391AF27E}.Debug|Any CPU.ActiveCfg = Debug|Any CPU
		{289EA245-E47E-4715-9688-849B391AF27E}.Debug|Any CPU.Build.0 = Debug|Any CPU
		{289EA245-E47E-4715-9688-849B391AF27E}.Release|Any CPU.ActiveCfg = Release|Any CPU
		{289EA245-E47E-4715-9688-849B391AF27E}.Release|Any CPU.Build.0 = Release|Any CPU
	EndGlobalSection
	GlobalSection(SolutionProperties) = preSolution
		HideSolutionNode = FALSE
	EndGlobalSection
EndGlobal
